# THIS IS AN AUTOGENERATED FILE. DO NOT EDIT THIS FILE DIRECTLY.
# yarn lockfile v1


ajv@^5.1.1:
  version "5.5.2"
  resolved "https://registry.yarnpkg.com/ajv/-/ajv-5.5.2.tgz#73b5eeca3fab653e3d3f9422b341ad42205dc965"
  dependencies:
    co "^4.6.0"
    fast-deep-equal "^1.0.0"
    fast-json-stable-stringify "^2.0.0"
    json-schema-traverse "^0.3.0"

ansi-styles@^3.2.1:
  version "3.2.1"
  resolved "https://registry.yarnpkg.com/ansi-styles/-/ansi-styles-3.2.1.tgz#41fbb20243e50b12be0f04b8dedbf07520ce841d"
  dependencies:
    color-convert "^1.9.0"

async@2.6.1:
  version "2.6.1"
  resolved "https://registry.yarnpkg.com/async/-/async-2.6.1.tgz#b245a23ca71930044ec53fa46aa00a3e87c6a610"
  dependencies:
    lodash "^4.17.10"

"bignumber.js@git+https://github.com/frozeman/bignumber.js-nolookahead.git":
  version "2.0.7"
  resolved "git+https://github.com/frozeman/bignumber.js-nolookahead.git#57692b3ecfc98bbdd6b3a516cb2353652ea49934"

bn.js@4.11.6:
  version "4.11.6"
  resolved "https://registry.yarnpkg.com/bn.js/-/bn.js-4.11.6.tgz#53344adb14617a13f6e8dd2ce28905d1c0ba3215"

chalk@^2.4.1:
  version "2.4.1"
  resolved "https://registry.yarnpkg.com/chalk/-/chalk-2.4.1.tgz#18c49ab16a037b6eb0152cc83e3471338215b66e"
  dependencies:
    ansi-styles "^3.2.1"
    escape-string-regexp "^1.0.5"
    supports-color "^5.3.0"

co@^4.6.0:
  version "4.6.0"
  resolved "https://registry.yarnpkg.com/co/-/co-4.6.0.tgz#6ea6bdf3d853ae54ccb8e47bfa0bf3f9031fb184"

color-convert@^1.9.0:
  version "1.9.3"
  resolved "https://registry.yarnpkg.com/color-convert/-/color-convert-1.9.3.tgz#bb71850690e1f136567de629d2d5471deda4c1e8"
  dependencies:
    color-name "1.1.3"

color-name@1.1.3:
  version "1.1.3"
  resolved "https://registry.yarnpkg.com/color-name/-/color-name-1.1.3.tgz#a7d0558bd89c42f795dd42328f740831ca53bc25"

crypto-js@^3.1.4:
  version "3.1.8"
  resolved "https://registry.yarnpkg.com/crypto-js/-/crypto-js-3.1.8.tgz#715f070bf6014f2ae992a98b3929258b713f08d5"

crypto-js@^3.1.9-1:
  version "3.1.9-1"
  resolved "https://registry.yarnpkg.com/crypto-js/-/crypto-js-3.1.9-1.tgz#fda19e761fc077e01ffbfdc6e9fdfc59e8806cd8"

debug@^3.1.0:
  version "3.2.6"
  resolved "https://registry.yarnpkg.com/debug/-/debug-3.2.6.tgz#e83d17de16d8a7efb7717edbe5fb10135eee629b"
  dependencies:
    ms "^2.1.1"

escape-string-regexp@^1.0.5:
  version "1.0.5"
  resolved "https://registry.yarnpkg.com/escape-string-regexp/-/escape-string-regexp-1.0.5.tgz#1b61c0562190a8dff6ae3bb2cf0200ca130b86d4"

ethjs-abi@0.1.8:
  version "0.1.8"
  resolved "https://registry.yarnpkg.com/ethjs-abi/-/ethjs-abi-0.1.8.tgz#cd288583ed628cdfadaf8adefa3ba1dbcbca6c18"
  dependencies:
    bn.js "4.11.6"
    js-sha3 "0.5.5"
    number-to-bn "1.7.0"

fast-deep-equal@^1.0.0:
  version "1.1.0"
  resolved "https://registry.yarnpkg.com/fast-deep-equal/-/fast-deep-equal-1.1.0.tgz#c053477817c86b51daa853c81e059b733d023614"

fast-json-stable-stringify@^2.0.0:
  version "2.0.0"
  resolved "https://registry.yarnpkg.com/fast-json-stable-stringify/-/fast-json-stable-stringify-2.0.0.tgz#d5142c0caee6b1189f87d3a76111064f86c8bbf2"

find-up@^2.1.0:
  version "2.1.0"
  resolved "https://registry.yarnpkg.com/find-up/-/find-up-2.1.0.tgz#45d1b7e506c717ddd482775a2b77920a3c0c57a7"
  dependencies:
    locate-path "^2.0.0"

has-flag@^3.0.0:
  version "3.0.0"
  resolved "https://registry.yarnpkg.com/has-flag/-/has-flag-3.0.0.tgz#b5d454dc2199ae225699f3467e5a07f3b955bafd"

is-hex-prefixed@1.0.0:
  version "1.0.0"
  resolved "https://registry.yarnpkg.com/is-hex-prefixed/-/is-hex-prefixed-1.0.0.tgz#7d8d37e6ad77e5d127148913c573e082d777f554"

js-sha3@0.5.5:
  version "0.5.5"
  resolved "https://registry.yarnpkg.com/js-sha3/-/js-sha3-0.5.5.tgz#baf0c0e8c54ad5903447df96ade7a4a1bca79a4a"

json-schema-traverse@^0.3.0:
  version "0.3.1"
  resolved "https://registry.yarnpkg.com/json-schema-traverse/-/json-schema-traverse-0.3.1.tgz#349a6d44c53a51de89b40805c5d5e59b417d3340"

locate-path@^2.0.0:
  version "2.0.0"
  resolved "https://registry.yarnpkg.com/locate-path/-/locate-path-2.0.0.tgz#2b568b265eec944c6d9c0de9c3dbbbca0354cd8e"
  dependencies:
    p-locate "^2.0.0"
    path-exists "^3.0.0"

lodash@4.17.10:
  version "4.17.10"
  resolved "https://registry.yarnpkg.com/lodash/-/lodash-4.17.10.tgz#1b7793cf7259ea38fb3661d4d38b3260af8ae4e7"

lodash@^4.17.10:
  version "4.17.11"
  resolved "https://registry.yarnpkg.com/lodash/-/lodash-4.17.11.tgz#b39ea6229ef607ecd89e2c8df12536891cac9b8d"

minimist@0.0.8:
  version "0.0.8"
  resolved "http://registry.npmjs.org/minimist/-/minimist-0.0.8.tgz#857fcabfc3397d2625b8228262e86aa7a011b05d"

mkdirp@^0.5.1:
  version "0.5.1"
  resolved "http://registry.npmjs.org/mkdirp/-/mkdirp-0.5.1.tgz#30057438eac6cf7f8c4767f38648d6697d75c903"
  dependencies:
    minimist "0.0.8"

ms@^2.1.1:
  version "2.1.1"
  resolved "https://registry.yarnpkg.com/ms/-/ms-2.1.1.tgz#30a5864eb3ebb0a66f2ebe6d727af06a09d86e0a"

number-to-bn@1.7.0:
  version "1.7.0"
  resolved "https://registry.yarnpkg.com/number-to-bn/-/number-to-bn-1.7.0.tgz#bb3623592f7e5f9e0030b1977bd41a0c53fe1ea0"
  dependencies:
    bn.js "4.11.6"
    strip-hex-prefix "1.0.0"

openzeppelin-solidity@^1.12.0:
  version "1.12.0"
  resolved "https://registry.yarnpkg.com/openzeppelin-solidity/-/openzeppelin-solidity-1.12.0.tgz#7b9c55975e73370d4541e3442b30cb3d91ac973a"

original-require@1.0.1:
  version "1.0.1"
  resolved "https://registry.yarnpkg.com/original-require/-/original-require-1.0.1.tgz#0f130471584cd33511c5ec38c8d59213f9ac5e20"

p-limit@^1.1.0:
  version "1.3.0"
  resolved "https://registry.yarnpkg.com/p-limit/-/p-limit-1.3.0.tgz#b86bd5f0c25690911c7590fcbfc2010d54b3ccb8"
  dependencies:
    p-try "^1.0.0"

p-locate@^2.0.0:
  version "2.0.0"
  resolved "https://registry.yarnpkg.com/p-locate/-/p-locate-2.0.0.tgz#20a0103b222a70c8fd39cc2e580680f3dde5ec43"
  dependencies:
    p-limit "^1.1.0"

p-try@^1.0.0:
  version "1.0.0"
  resolved "https://registry.yarnpkg.com/p-try/-/p-try-1.0.0.tgz#cbc79cdbaf8fd4228e13f621f2b1a237c1b207b3"

path-exists@^3.0.0:
  version "3.0.0"
  resolved "https://registry.yarnpkg.com/path-exists/-/path-exists-3.0.0.tgz#ce0ebeaa5f78cb18925ea7d810d7b59b010fd515"

semver@^5.4.1:
  version "5.6.0"
  resolved "https://registry.yarnpkg.com/semver/-/semver-5.6.0.tgz#7e74256fbaa49c75aa7c7a205cc22799cac80004"

solidity-parser-antlr@^0.3.1:
  version "0.3.2"
  resolved "https://registry.yarnpkg.com/solidity-parser-antlr/-/solidity-parser-antlr-0.3.2.tgz#1cf9d019280550a31299dc380e87a310dc4ca154"

strip-hex-prefix@1.0.0:
  version "1.0.0"
  resolved "https://registry.yarnpkg.com/strip-hex-prefix/-/strip-hex-prefix-1.0.0.tgz#0c5f155fef1151373377de9dbb588da05500e36f"
  dependencies:
    is-hex-prefixed "1.0.0"

supports-color@^5.3.0:
  version "5.5.0"
  resolved "https://registry.yarnpkg.com/supports-color/-/supports-color-5.5.0.tgz#e2e69a44ac8772f78a1ec0b35b689df6530efc8f"
  dependencies:
    has-flag "^3.0.0"

truffle-blockchain-utils@^0.0.5:
  version "0.0.5"
  resolved "https://registry.yarnpkg.com/truffle-blockchain-utils/-/truffle-blockchain-utils-0.0.5.tgz#a4e5c064dadd69f782a137f3d276d21095da7a47"

truffle-config@^1.0.6:
  version "1.0.6"
  resolved "https://registry.yarnpkg.com/truffle-config/-/truffle-config-1.0.6.tgz#181da7d319c0c55eb2781d5c1886a9c7f32fa470"
  dependencies:
    find-up "^2.1.0"
    lodash "4.17.10"
    original-require "1.0.1"
    truffle-error "^0.0.3"
    truffle-provider "^0.0.6"

truffle-contract-schema@^2.0.1:
  version "2.0.1"
  resolved "https://registry.yarnpkg.com/truffle-contract-schema/-/truffle-contract-schema-2.0.1.tgz#9bf821d32e26e674ba15eb5d40f96b10b1c9d568"
  dependencies:
    ajv "^5.1.1"
    crypto-js "^3.1.9-1"
    debug "^3.1.0"

truffle-contract@^3.0.6:
  version "3.0.6"
  resolved "https://registry.yarnpkg.com/truffle-contract/-/truffle-contract-3.0.6.tgz#2ef6fc32d7faafa9f4aed8e50001a9fdea342192"
  dependencies:
    ethjs-abi "0.1.8"
    truffle-blockchain-utils "^0.0.5"
    truffle-contract-schema "^2.0.1"
    truffle-error "^0.0.3"
    web3 "0.20.6"

truffle-error@^0.0.3:
  version "0.0.3"
  resolved "https://registry.yarnpkg.com/truffle-error/-/truffle-error-0.0.3.tgz#4bf55242e14deee1c7194932709182deff2c97ca"

truffle-expect@^0.0.4:
  version "0.0.4"
  resolved "https://registry.yarnpkg.com/truffle-expect/-/truffle-expect-0.0.4.tgz#d5b27adea4c552f43b70dc00877236b7b68c75c8"

truffle-flattener@^1.2.9:
  version "1.2.9"
  resolved "https://registry.yarnpkg.com/truffle-flattener/-/truffle-flattener-1.2.9.tgz#b1145b727ec3b006da8b7dfe859489ba66a0f063"
  dependencies:
    chalk "^2.4.1"
    find-up "^2.1.0"
    mkdirp "^0.5.1"
    semver "^5.4.1"
    solidity-parser-antlr "^0.3.1"
    truffle-config "^1.0.6"
    truffle-resolver "^4.0.4"
    tsort "0.0.1"

truffle-provider@^0.0.6:
  version "0.0.6"
  resolved "https://registry.yarnpkg.com/truffle-provider/-/truffle-provider-0.0.6.tgz#71a92ed67636ada5e78905690d72ea922ad4a613"
  dependencies:
    truffle-error "^0.0.3"
    web3 "0.20.6"

truffle-provisioner@^0.1.1:
  version "0.1.1"
  resolved "https://registry.yarnpkg.com/truffle-provisioner/-/truffle-provisioner-0.1.1.tgz#5a8327d62511ef23c950d3aa862610a7c377e2aa"

truffle-resolver@^4.0.4:
  version "4.0.4"
  resolved "https://registry.yarnpkg.com/truffle-resolver/-/truffle-resolver-4.0.4.tgz#dfd9a8dbca5c5873d7792d1444473d0770ac97d4"
  dependencies:
    async "2.6.1"
    truffle-contract "^3.0.6"
    truffle-expect "^0.0.4"
    truffle-provisioner "^0.1.1"

tsort@0.0.1:
  version "0.0.1"
  resolved "https://registry.yarnpkg.com/tsort/-/tsort-0.0.1.tgz#e2280f5e817f8bf4275657fd0f9aebd44f5a2786"

utf8@^2.1.1:
  version "2.1.2"
  resolved "https://registry.yarnpkg.com/utf8/-/utf8-2.1.2.tgz#1fa0d9270e9be850d9b05027f63519bf46457d96"

web3@0.20.6:
  version "0.20.6"
  resolved "http://registry.npmjs.org/web3/-/web3-0.20.6.tgz#3e97306ae024fb24e10a3d75c884302562215120"
  dependencies:
    bignumber.js "git+https://github.com/frozeman/bignumber.js-nolookahead.git"
    crypto-js "^3.1.4"
    utf8 "^2.1.1"
    xhr2 "*"
    xmlhttprequest "*"

xhr2@*:
  version "0.1.4"
  resolved "https://registry.yarnpkg.com/xhr2/-/xhr2-0.1.4.tgz#7f87658847716db5026323812f818cadab387a5f"

xmlhttprequest@*:
  version "1.8.0"
  resolved "https://registry.yarnpkg.com/xmlhttprequest/-/xmlhttprequest-1.8.0.tgz#67fe075c5c24fef39f9d65f5f7b7fe75171968fc"

zeppelin-solidity@^1.12.0:
  version "1.12.0"
  resolved "https://registry.yarnpkg.com/zeppelin-solidity/-/zeppelin-solidity-1.12.0.tgz#427edf8e0041ec8600875d3cb8fc9395f33ccfff"
